// !$*UTF8*$!
{
	archiveVersion = 1;
	classes = {
	};
	objectVersion = 50;
	objects = {

/* Begin PBXBuildFile section */
		864E4A37261819350072E089 /* landmarkData.json in Resources */ = {isa = PBXBuildFile; fileRef = 864E4A36261819350072E089 /* landmarkData.json */; };
		864E4A3C261819B30072E089 /* Landmark.swift in Sources */ = {isa = PBXBuildFile; fileRef = 864E4A3B261819B30072E089 /* Landmark.swift */; };
		864E4A412618BCA90072E089 /* ModelData.swift in Sources */ = {isa = PBXBuildFile; fileRef = 864E4A402618BCA90072E089 /* ModelData.swift */; };
		864E4A542618C4640072E089 /* LandmarkRow.swift in Sources */ = {isa = PBXBuildFile; fileRef = 864E4A532618C4640072E089 /* LandmarkRow.swift */; };
		86B1A0092617C13D00DCE2F8 /* LandmarksApp.swift in Sources */ = {isa = PBXBuildFile; fileRef = 86B1A0082617C13D00DCE2F8 /* LandmarksApp.swift */; };
		86B1A00B2617C13D00DCE2F8 /* ContentView.swift in Sources */ = {isa = PBXBuildFile; fileRef = 86B1A00A2617C13D00DCE2F8 /* ContentView.swift */; };
		86B1A00D2617C13E00DCE2F8 /* Assets.xcassets in Resources */ = {isa = PBXBuildFile; fileRef = 86B1A00C2617C13E00DCE2F8 /* Assets.xcassets */; };
		86B1A0102617C13E00DCE2F8 /* Preview Assets.xcassets in Resources */ = {isa = PBXBuildFile; fileRef = 86B1A00F2617C13E00DCE2F8 /* Preview Assets.xcassets */; };
		86B1A01B2617C13F00DCE2F8 /* LandmarksTests.swift in Sources */ = {isa = PBXBuildFile; fileRef = 86B1A01A2617C13F00DCE2F8 /* LandmarksTests.swift */; };
		86B1A0262617C13F00DCE2F8 /* LandmarksUITests.swift in Sources */ = {isa = PBXBuildFile; fileRef = 86B1A0252617C13F00DCE2F8 /* LandmarksUITests.swift */; };
		86B1A0372617D0D500DCE2F8 /* CircleImage.swift in Sources */ = {isa = PBXBuildFile; fileRef = 86B1A0362617D0D500DCE2F8 /* CircleImage.swift */; };
		86B1A03C2617E9DE00DCE2F8 /* MapView.swift in Sources */ = {isa = PBXBuildFile; fileRef = 86B1A03B2617E9DE00DCE2F8 /* MapView.swift */; };
/* End PBXBuildFile section */

/* Begin PBXContainerItemProxy section */
		86B1A0172617C13F00DCE2F8 /* PBXContainerItemProxy */ = {
			isa = PBXContainerItemProxy;
			containerPortal = 86B19FFD2617C13D00DCE2F8 /* Project object */;
			proxyType = 1;
			remoteGlobalIDString = 86B1A0042617C13D00DCE2F8;
			remoteInfo = Landmarks;
		};
		86B1A0222617C13F00DCE2F8 /* PBXContainerItemProxy */ = {
			isa = PBXContainerItemProxy;
			containerPortal = 86B19FFD2617C13D00DCE2F8 /* Project object */;
			proxyType = 1;
			remoteGlobalIDString = 86B1A0042617C13D00DCE2F8;
			remoteInfo = Landmarks;
		};
/* End PBXContainerItemProxy section */

/* Begin PBXFileReference section */
		864E4A36261819350072E089 /* landmarkData.json */ = {isa = PBXFileReference; fileEncoding = 4; lastKnownFileType = text.json; path = landmarkData.json; sourceTree = "<group>"; };
		864E4A3B261819B30072E089 /* Landmark.swift */ = {isa = PBXFileReference; lastKnownFileType = sourcecode.swift; path = Landmark.swift; sourceTree = "<group>"; };
		864E4A402618BCA90072E089 /* ModelData.swift */ = {isa = PBXFileReference; lastKnownFileType = sourcecode.swift; path = ModelData.swift; sourceTree = "<group>"; };
		864E4A532618C4640072E089 /* LandmarkRow.swift */ = {isa = PBXFileReference; lastKnownFileType = sourcecode.swift; path = LandmarkRow.swift; sourceTree = "<group>"; };
		86B1A0052617C13D00DCE2F8 /* Landmarks.app */ = {isa = PBXFileReference; explicitFileType = wrapper.application; includeInIndex = 0; path = Landmarks.app; sourceTree = BUILT_PRODUCTS_DIR; };
		86B1A0082617C13D00DCE2F8 /* LandmarksApp.swift */ = {isa = PBXFileReference; lastKnownFileType = sourcecode.swift; path = LandmarksApp.swift; sourceTree = "<group>"; };
		86B1A00A2617C13D00DCE2F8 /* ContentView.swift */ = {isa = PBXFileReference; lastKnownFileType = sourcecode.swift; path = ContentView.swift; sourceTree = "<group>"; };
		86B1A00C2617C13E00DCE2F8 /* Assets.xcassets */ = {isa = PBXFileReference; lastKnownFileType = folder.assetcatalog; path = Assets.xcassets; sourceTree = "<group>"; };
		86B1A00F2617C13E00DCE2F8 /* Preview Assets.xcassets */ = {isa = PBXFileReference; lastKnownFileType = folder.assetcatalog; path = "Preview Assets.xcassets"; sourceTree = "<group>"; };
		86B1A0112617C13E00DCE2F8 /* Info.plist */ = {isa = PBXFileReference; lastKnownFileType = text.plist.xml; path = Info.plist; sourceTree = "<group>"; };
		86B1A0162617C13F00DCE2F8 /* LandmarksTests.xctest */ = {isa = PBXFileReference; explicitFileType = wrapper.cfbundle; includeInIndex = 0; path = LandmarksTests.xctest; sourceTree = BUILT_PRODUCTS_DIR; };
		86B1A01A2617C13F00DCE2F8 /* LandmarksTests.swift */ = {isa = PBXFileReference; lastKnownFileType = sourcecode.swift; path = LandmarksTests.swift; sourceTree = "<group>"; };
		86B1A01C2617C13F00DCE2F8 /* Info.plist */ = {isa = PBXFileReference; lastKnownFileType = text.plist.xml; path = Info.plist; sourceTree = "<group>"; };
		86B1A0212617C13F00DCE2F8 /* LandmarksUITests.xctest */ = {isa = PBXFileReference; explicitFileType = wrapper.cfbundle; includeInIndex = 0; path = LandmarksUITests.xctest; sourceTree = BUILT_PRODUCTS_DIR; };
		86B1A0252617C13F00DCE2F8 /* LandmarksUITests.swift */ = {isa = PBXFileReference; lastKnownFileType = sourcecode.swift; path = LandmarksUITests.swift; sourceTree = "<group>"; };
		86B1A0272617C13F00DCE2F8 /* Info.plist */ = {isa = PBXFileReference; lastKnownFileType = text.plist.xml; path = Info.plist; sourceTree = "<group>"; };
		86B1A0362617D0D500DCE2F8 /* CircleImage.swift */ = {isa = PBXFileReference; lastKnownFileType = sourcecode.swift; path = CircleImage.swift; sourceTree = "<group>"; };
		86B1A03B2617E9DE00DCE2F8 /* MapView.swift */ = {isa = PBXFileReference; lastKnownFileType = sourcecode.swift; path = MapView.swift; sourceTree = "<group>"; };
/* End PBXFileReference section */

/* Begin PBXFrameworksBuildPhase section */
		86B1A0022617C13D00DCE2F8 /* Frameworks */ = {
			isa = PBXFrameworksBuildPhase;
			buildActionMask = 2147483647;
			files = (
			);
			runOnlyForDeploymentPostprocessing = 0;
		};
		86B1A0132617C13F00DCE2F8 /* Frameworks */ = {
			isa = PBXFrameworksBuildPhase;
			buildActionMask = 2147483647;
			files = (
			);
			runOnlyForDeploymentPostprocessing = 0;
		};
		86B1A01E2617C13F00DCE2F8 /* Frameworks */ = {
			isa = PBXFrameworksBuildPhase;
			buildActionMask = 2147483647;
			files = (
			);
			runOnlyForDeploymentPostprocessing = 0;
		};
/* End PBXFrameworksBuildPhase section */

/* Begin PBXGroup section */
		864E4A452618BD260072E089 /* Model */ = {
			isa = PBXGroup;
			children = (
				864E4A402618BCA90072E089 /* ModelData.swift */,
				864E4A3B261819B30072E089 /* Landmark.swift */,
			);
			path = Model;
			sourceTree = "<group>";
		};
		864E4A462618BD380072E089 /* Views */ = {
			isa = PBXGroup;
			children = (
				86B1A0082617C13D00DCE2F8 /* LandmarksApp.swift */,
				86B1A00A2617C13D00DCE2F8 /* ContentView.swift */,
				86B1A0362617D0D500DCE2F8 /* CircleImage.swift */,
				86B1A03B2617E9DE00DCE2F8 /* MapView.swift */,
				864E4A532618C4640072E089 /* LandmarkRow.swift */,
			);
			path = Views;
			sourceTree = "<group>";
		};
		864E4A472618BD460072E089 /* Resources */ = {
			isa = PBXGroup;
			children = (
				864E4A36261819350072E089 /* landmarkData.json */,
			);
			path = Resources;
			sourceTree = "<group>";
		};
		86B19FFC2617C13D00DCE2F8 = {
			isa = PBXGroup;
			children = (
				86B1A0072617C13D00DCE2F8 /* Landmarks */,
				86B1A0192617C13F00DCE2F8 /* LandmarksTests */,
				86B1A0242617C13F00DCE2F8 /* LandmarksUITests */,
				86B1A0062617C13D00DCE2F8 /* Products */,
			);
			sourceTree = "<group>";
		};
		86B1A0062617C13D00DCE2F8 /* Products */ = {
			isa = PBXGroup;
			children = (
				86B1A0052617C13D00DCE2F8 /* Landmarks.app */,
				86B1A0162617C13F00DCE2F8 /* LandmarksTests.xctest */,
				86B1A0212617C13F00DCE2F8 /* LandmarksUITests.xctest */,
			);
			name = Products;
			sourceTree = "<group>";
		};
		86B1A0072617C13D00DCE2F8 /* Landmarks */ = {
			isa = PBXGroup;
			children = (
				864E4A472618BD460072E089 /* Resources */,
				864E4A462618BD380072E089 /* Views */,
				864E4A452618BD260072E089 /* Model */,
				86B1A00C2617C13E00DCE2F8 /* Assets.xcassets */,
				86B1A0112617C13E00DCE2F8 /* Info.plist */,
				86B1A00E2617C13E00DCE2F8 /* Preview Content */,
			);
			path = Landmarks;
			sourceTree = "<group>";
		};
		86B1A00E2617C13E00DCE2F8 /* Preview Content */ = {
			isa = PBXGroup;
			children = (
				86B1A00F2617C13E00DCE2F8 /* Preview Assets.xcassets */,
			);
			path = "Preview Content";
			sourceTree = "<group>";
		};
		86B1A0192617C13F00DCE2F8 /* LandmarksTests */ = {
			isa = PBXGroup;
			children = (
				86B1A01A2617C13F00DCE2F8 /* LandmarksTests.swift */,
				86B1A01C2617C13F00DCE2F8 /* Info.plist */,
			);
			path = LandmarksTests;
			sourceTree = "<group>";
		};
		86B1A0242617C13F00DCE2F8 /* LandmarksUITests */ = {
			isa = PBXGroup;
			children = (
				86B1A0252617C13F00DCE2F8 /* LandmarksUITests.swift */,
				86B1A0272617C13F00DCE2F8 /* Info.plist */,
			);
			path = LandmarksUITests;
			sourceTree = "<group>";
		};
/* End PBXGroup section */

/* Begin PBXNativeTarget section */
		86B1A0042617C13D00DCE2F8 /* Landmarks */ = {
			isa = PBXNativeTarget;
			buildConfigurationList = 86B1A02A2617C13F00DCE2F8 /* Build configuration list for PBXNativeTarget "Landmarks" */;
			buildPhases = (
				86B1A0012617C13D00DCE2F8 /* Sources */,
				86B1A0022617C13D00DCE2F8 /* Frameworks */,
				86B1A0032617C13D00DCE2F8 /* Resources */,
			);
			buildRules = (
			);
			dependencies = (
			);
			name = Landmarks;
			productName = Landmarks;
			productReference = 86B1A0052617C13D00DCE2F8 /* Landmarks.app */;
			productType = "com.apple.product-type.application";
		};
		86B1A0152617C13F00DCE2F8 /* LandmarksTests */ = {
			isa = PBXNativeTarget;
			buildConfigurationList = 86B1A02D2617C13F00DCE2F8 /* Build configuration list for PBXNativeTarget "LandmarksTests" */;
			buildPhases = (
				86B1A0122617C13F00DCE2F8 /* Sources */,
				86B1A0132617C13F00DCE2F8 /* Frameworks */,
				86B1A0142617C13F00DCE2F8 /* Resources */,
			);
			buildRules = (
			);
			dependencies = (
				86B1A0182617C13F00DCE2F8 /* PBXTargetDependency */,
			);
			name = LandmarksTests;
			productName = LandmarksTests;
			productReference = 86B1A0162617C13F00DCE2F8 /* LandmarksTests.xctest */;
			productType = "com.apple.product-type.bundle.unit-test";
		};
		86B1A0202617C13F00DCE2F8 /* LandmarksUITests */ = {
			isa = PBXNativeTarget;
			buildConfigurationList = 86B1A0302617C13F00DCE2F8 /* Build configuration list for PBXNativeTarget "LandmarksUITests" */;
			buildPhases = (
				86B1A01D2617C13F00DCE2F8 /* Sources */,
				86B1A01E2617C13F00DCE2F8 /* Frameworks */,
				86B1A01F2617C13F00DCE2F8 /* Resources */,
			);
			buildRules = (
			);
			dependencies = (
				86B1A0232617C13F00DCE2F8 /* PBXTargetDependency */,
			);
			name = LandmarksUITests;
			productName = LandmarksUITests;
			productReference = 86B1A0212617C13F00DCE2F8 /* LandmarksUITests.xctest */;
			productType = "com.apple.product-type.bundle.ui-testing";
		};
/* End PBXNativeTarget section */

/* Begin PBXProject section */
		86B19FFD2617C13D00DCE2F8 /* Project object */ = {
			isa = PBXProject;
			attributes = {
				LastSwiftUpdateCheck = 1240;
				LastUpgradeCheck = 1240;
				TargetAttributes = {
					86B1A0042617C13D00DCE2F8 = {
						CreatedOnToolsVersion = 12.4;
					};
					86B1A0152617C13F00DCE2F8 = {
						CreatedOnToolsVersion = 12.4;
						TestTargetID = 86B1A0042617C13D00DCE2F8;
					};
					86B1A0202617C13F00DCE2F8 = {
						CreatedOnToolsVersion = 12.4;
						TestTargetID = 86B1A0042617C13D00DCE2F8;
					};
				};
			};
			buildConfigurationList = 86B1A0002617C13D00DCE2F8 /* Build configuration list for PBXProject "Landmarks" */;
			compatibilityVersion = "Xcode 9.3";
			developmentRegion = en;
			hasScannedForEncodings = 0;
			knownRegions = (
				en,
				Base,
			);
			mainGroup = 86B19FFC2617C13D00DCE2F8;
			productRefGroup = 86B1A0062617C13D00DCE2F8 /* Products */;
			projectDirPath = "";
			projectRoot = "";
			targets = (
				86B1A0042617C13D00DCE2F8 /* Landmarks */,
				86B1A0152617C13F00DCE2F8 /* LandmarksTests */,
				86B1A0202617C13F00DCE2F8 /* LandmarksUITests */,
			);
		};
/* End PBXProject section */

/* Begin PBXResourcesBuildPhase section */
		86B1A0032617C13D00DCE2F8 /* Resources */ = {
			isa = PBXResourcesBuildPhase;
			buildActionMask = 2147483647;
			files = (
				86B1A0102617C13E00DCE2F8 /* Preview Assets.xcassets in Resources */,
				86B1A00D2617C13E00DCE2F8 /* Assets.xcassets in Resources */,
				864E4A37261819350072E089 /* landmarkData.json in Resources */,
			);
			runOnlyForDeploymentPostprocessing = 0;
		};
		86B1A0142617C13F00DCE2F8 /* Resources */ = {
			isa = PBXResourcesBuildPhase;
			buildActionMask = 2147483647;
			files = (
			);
			runOnlyForDeploymentPostprocessing = 0;
		};
		86B1A01F2617C13F00DCE2F8 /* Resources */ = {
			isa = PBXResourcesBuildPhase;
			buildActionMask = 2147483647;
			files = (
			);
			runOnlyForDeploymentPostprocessing = 0;
		};
/* End PBXResourcesBuildPhase section */

/* Begin PBXSourcesBuildPhase section */
		86B1A0012617C13D00DCE2F8 /* Sources */ = {
			isa = PBXSourcesBuildPhase;
			buildActionMask = 2147483647;
			files = (
				86B1A00B2617C13D00DCE2F8 /* ContentView.swift in Sources */,
				86B1A03C2617E9DE00DCE2F8 /* MapView.swift in Sources */,
				86B1A0092617C13D00DCE2F8 /* LandmarksApp.swift in Sources */,
				86B1A0372617D0D500DCE2F8 /* CircleImage.swift in Sources */,
				864E4A3C261819B30072E089 /* Landmark.swift in Sources */,
				864E4A542618C4640072E089 /* LandmarkRow.swift in Sources */,
				864E4A412618BCA90072E089 /* ModelData.swift in Sources */,
			);
			runOnlyForDeploymentPostprocessing = 0;
		};
		86B1A0122617C13F00DCE2F8 /* Sources */ = {
			isa = PBXSourcesBuildPhase;
			buildActionMask = 2147483647;
			files = (
				86B1A01B2617C13F00DCE2F8 /* LandmarksTests.swift in Sources */,
			);
			runOnlyForDeploymentPostprocessing = 0;
		};
		86B1A01D2617C13F00DCE2F8 /* Sources */ = {
			isa = PBXSourcesBuildPhase;
			buildActionMask = 2147483647;
			files = (
				86B1A0262617C13F00DCE2F8 /* LandmarksUITests.swift in Sources */,
			);
			runOnlyForDeploymentPostprocessing = 0;
		};
/* End PBXSourcesBuildPhase section */

/* Begin PBXTargetDependency section */
		86B1A0182617C13F00DCE2F8 /* PBXTargetDependency */ = {
			isa = PBXTargetDependency;
			target = 86B1A0042617C13D00DCE2F8 /* Landmarks */;
			targetProxy = 86B1A0172617C13F00DCE2F8 /* PBXContainerItemProxy */;
		};
		86B1A0232617C13F00DCE2F8 /* PBXTargetDependency */ = {
			isa = PBXTargetDependency;
			target = 86B1A0042617C13D00DCE2F8 /* Landmarks */;
			targetProxy = 86B1A0222617C13F00DCE2F8 /* PBXContainerItemProxy */;
		};
/* End PBXTargetDependency section */

/* Begin XCBuildConfiguration section */
		86B1A0282617C13F00DCE2F8 /* Debug */ = {
			isa = XCBuildConfiguration;
			buildSettings = {
				ALWAYS_SEARCH_USER_PATHS = NO;
				CLANG_ANALYZER_NONNULL = YES;
				CLANG_ANALYZER_NUMBER_OBJECT_CONVERSION = YES_AGGRESSIVE;
				CLANG_CXX_LANGUAGE_STANDARD = "gnu++14";
				CLANG_CXX_LIBRARY = "libc++";
				CLANG_ENABLE_MODULES = YES;
				CLANG_ENABLE_OBJC_ARC = YES;
				CLANG_ENABLE_OBJC_WEAK = YES;
				CLANG_WARN_BLOCK_CAPTURE_AUTORELEASING = YES;
				CLANG_WARN_BOOL_CONVERSION = YES;
				CLANG_WARN_COMMA = YES;
				CLANG_WARN_CONSTANT_CONVERSION = YES;
				CLANG_WARN_DEPRECATED_OBJC_IMPLEMENTATIONS = YES;
				CLANG_WARN_DIRECT_OBJC_ISA_USAGE = YES_ERROR;
				CLANG_WARN_DOCUMENTATION_COMMENTS = YES;
				CLANG_WARN_EMPTY_BODY = YES;
				CLANG_WARN_ENUM_CONVERSION = YES;
				CLANG_WARN_INFINITE_RECURSION = YES;
				CLANG_WARN_INT_CONVERSION = YES;
				CLANG_WARN_NON_LITERAL_NULL_CONVERSION = YES;
				CLANG_WARN_OBJC_IMPLICIT_RETAIN_SELF = YES;
				CLANG_WARN_OBJC_LITERAL_CONVERSION = YES;
				CLANG_WARN_OBJC_ROOT_CLASS = YES_ERROR;
				CLANG_WARN_QUOTED_INCLUDE_IN_FRAMEWORK_HEADER = YES;
				CLANG_WARN_RANGE_LOOP_ANALYSIS = YES;
				CLANG_WARN_STRICT_PROTOTYPES = YES;
				CLANG_WARN_SUSPICIOUS_MOVE = YES;
				CLANG_WARN_UNGUARDED_AVAILABILITY = YES_AGGRESSIVE;
				CLANG_WARN_UNREACHABLE_CODE = YES;
				CLANG_WARN__DUPLICATE_METHOD_MATCH = YES;
				COPY_PHASE_STRIP = NO;
				DEBUG_INFORMATION_FORMAT = dwarf;
				ENABLE_STRICT_OBJC_MSGSEND = YES;
				ENABLE_TESTABILITY = YES;
				GCC_C_LANGUAGE_STANDARD = gnu11;
				GCC_DYNAMIC_NO_PIC = NO;
				GCC_NO_COMMON_BLOCKS = YES;
				GCC_OPTIMIZATION_LEVEL = 0;
				GCC_PREPROCESSOR_DEFINITIONS = (
					"DEBUG=1",
					"$(inherited)",
				);
				GCC_WARN_64_TO_32_BIT_CONVERSION = YES;
				GCC_WARN_ABOUT_RETURN_TYPE = YES_ERROR;
				GCC_WARN_UNDECLARED_SELECTOR = YES;
				GCC_WARN_UNINITIALIZED_AUTOS = YES_AGGRESSIVE;
				GCC_WARN_UNUSED_FUNCTION = YES;
				GCC_WARN_UNUSED_VARIABLE = YES;
				IPHONEOS_DEPLOYMENT_TARGET = 14.4;
				MTL_ENABLE_DEBUG_INFO = INCLUDE_SOURCE;
				MTL_FAST_MATH = YES;
				ONLY_ACTIVE_ARCH = YES;
				SDKROOT = iphoneos;
				SWIFT_ACTIVE_COMPILATION_CONDITIONS = DEBUG;
				SWIFT_OPTIMIZATION_LEVEL = "-Onone";
			};
			name = Debug;
		};
		86B1A0292617C13F00DCE2F8 /* Release */ = {
			isa = XCBuildConfiguration;
			buildSettings = {
				ALWAYS_SEARCH_USER_PATHS = NO;
				CLANG_ANALYZER_NONNULL = YES;
				CLANG_ANALYZER_NUMBER_OBJECT_CONVERSION = YES_AGGRESSIVE;
				CLANG_CXX_LANGUAGE_STANDARD = "gnu++14";
				CLANG_CXX_LIBRARY = "libc++";
				CLANG_ENABLE_MODULES = YES;
				CLANG_ENABLE_OBJC_ARC = YES;
				CLANG_ENABLE_OBJC_WEAK = YES;
				CLANG_WARN_BLOCK_CAPTURE_AUTORELEASING = YES;
				CLANG_WARN_BOOL_CONVERSION = YES;
				CLANG_WARN_COMMA = YES;
				CLANG_WARN_CONSTANT_CONVERSION = YES;
				CLANG_WARN_DEPRECATED_OBJC_IMPLEMENTATIONS = YES;
				CLANG_WARN_DIRECT_OBJC_ISA_USAGE = YES_ERROR;
				CLANG_WARN_DOCUMENTATION_COMMENTS = YES;
				CLANG_WARN_EMPTY_BODY = YES;
				CLANG_WARN_ENUM_CONVERSION = YES;
				CLANG_WARN_INFINITE_RECURSION = YES;
				CLANG_WARN_INT_CONVERSION = YES;
				CLANG_WARN_NON_LITERAL_NULL_CONVERSION = YES;
				CLANG_WARN_OBJC_IMPLICIT_RETAIN_SELF = YES;
				CLANG_WARN_OBJC_LITERAL_CONVERSION = YES;
				CLANG_WARN_OBJC_ROOT_CLASS = YES_ERROR;
				CLANG_WARN_QUOTED_INCLUDE_IN_FRAMEWORK_HEADER = YES;
				CLANG_WARN_RANGE_LOOP_ANALYSIS = YES;
				CLANG_WARN_STRICT_PROTOTYPES = YES;
				CLANG_WARN_SUSPICIOUS_MOVE = YES;
				CLANG_WARN_UNGUARDED_AVAILABILITY = YES_AGGRESSIVE;
				CLANG_WARN_UNREACHABLE_CODE = YES;
				CLANG_WARN__DUPLICATE_METHOD_MATCH = YES;
				COPY_PHASE_STRIP = NO;
				DEBUG_INFORMATION_FORMAT = "dwarf-with-dsym";
				ENABLE_NS_ASSERTIONS = NO;
				ENABLE_STRICT_OBJC_MSGSEND = YES;
				GCC_C_LANGUAGE_STANDARD = gnu11;
				GCC_NO_COMMON_BLOCKS = YES;
				GCC_WARN_64_TO_32_BIT_CONVERSION = YES;
				GCC_WARN_ABOUT_RETURN_TYPE = YES_ERROR;
				GCC_WARN_UNDECLARED_SELECTOR = YES;
				GCC_WARN_UNINITIALIZED_AUTOS = YES_AGGRESSIVE;
				GCC_WARN_UNUSED_FUNCTION = YES;
				GCC_WARN_UNUSED_VARIABLE = YES;
				IPHONEOS_DEPLOYMENT_TARGET = 14.4;
				MTL_ENABLE_DEBUG_INFO = NO;
				MTL_FAST_MATH = YES;
				SDKROOT = iphoneos;
				SWIFT_COMPILATION_MODE = wholemodule;
				SWIFT_OPTIMIZATION_LEVEL = "-O";
				VALIDATE_PRODUCT = YES;
			};
			name = Release;
		};
		86B1A02B2617C13F00DCE2F8 /* Debug */ = {
			isa = XCBuildConfiguration;
			buildSettings = {
				ASSETCATALOG_COMPILER_APPICON_NAME = AppIcon;
				ASSETCATALOG_COMPILER_GLOBAL_ACCENT_COLOR_NAME = AccentColor;
				CODE_SIGN_STYLE = Automatic;
				DEVELOPMENT_ASSET_PATHS = "\"Landmarks/Preview Content\"";
				DEVELOPMENT_TEAM = M25V58P838;
				ENABLE_PREVIEWS = YES;
				INFOPLIST_FILE = Landmarks/Info.plist;
				IPHONEOS_DEPLOYMENT_TARGET = 14.0;
				LD_RUNPATH_SEARCH_PATHS = (
					"$(inherited)",
					"@executable_path/Frameworks",
				);
				PRODUCT_BUNDLE_IDENTIFIER = com.gn.Landmarks;
				PRODUCT_NAME = "$(TARGET_NAME)";
				SWIFT_VERSION = 5.0;
				TARGETED_DEVICE_FAMILY = "1,2";
			};
			name = Debug;
		};
		86B1A02C2617C13F00DCE2F8 /* Release */ = {
			isa = XCBuildConfiguration;
			buildSettings = {
				ASSETCATALOG_COMPILER_APPICON_NAME = AppIcon;
				ASSETCATALOG_COMPILER_GLOBAL_ACCENT_COLOR_NAME = AccentColor;
				CODE_SIGN_STYLE = Automatic;
				DEVELOPMENT_ASSET_PATHS = "\"Landmarks/Preview Content\"";
				DEVELOPMENT_TEAM = M25V58P838;
				ENABLE_PREVIEWS = YES;
				INFOPLIST_FILE = Landmarks/Info.plist;
				IPHONEOS_DEPLOYMENT_TARGET = 14.0;
				LD_RUNPATH_SEARCH_PATHS = (
					"$(inherited)",
					"@executable_path/Frameworks",
				);
				PRODUCT_BUNDLE_IDENTIFIER = com.gn.Landmarks;
				PRODUCT_NAME = "$(TARGET_NAME)";
				SWIFT_VERSION = 5.0;
				TARGETED_DEVICE_FAMILY = "1,2";
			};
			name = Release;
		};
		86B1A02E2617C13F00DCE2F8 /* Debug */ = {
			isa = XCBuildConfiguration;
			buildSettings = {
				ALWAYS_EMBED_SWIFT_STANDARD_LIBRARIES = YES;
				BUNDLE_LOADER = "$(TEST_HOST)";
				CODE_SIGN_STYLE = Automatic;
				DEVELOPMENT_TEAM = M25V58P838;
				INFOPLIST_FILE = LandmarksTests/Info.plist;
				IPHONEOS_DEPLOYMENT_TARGET = 14.0;
				LD_RUNPATH_SEARCH_PATHS = (
					"$(inherited)",
					"@executable_path/Frameworks",
					"@loader_path/Frameworks",
				);
				PRODUCT_BUNDLE_IDENTIFIER = com.gn.LandmarksTests;
				PRODUCT_NAME = "$(TARGET_NAME)";
				SWIFT_VERSION = 5.0;
				TARGETED_DEVICE_FAMILY = "1,2";
				TEST_HOST = "$(BUILT_PRODUCTS_DIR)/Landmarks.app/Landmarks";
			};
			name = Debug;
		};
		86B1A02F2617C13F00DCE2F8 /* Release */ = {
			isa = XCBuildConfiguration;
			buildSettings = {
				ALWAYS_EMBED_SWIFT_STANDARD_LIBRARIES = YES;
				BUNDLE_LOADER = "$(TEST_HOST)";
				CODE_SIGN_STYLE = Automatic;
				DEVELOPMENT_TEAM = M25V58P838;
				INFOPLIST_FILE = LandmarksTests/Info.plist;
				IPHONEOS_DEPLOYMENT_TARGET = 14.0;
				LD_RUNPATH_SEARCH_PATHS = (
					"$(inherited)",
					"@executable_path/Frameworks",
					"@loader_path/Frameworks",
				);
				PRODUCT_BUNDLE_IDENTIFIER = com.gn.LandmarksTests;
				PRODUCT_NAME = "$(TARGET_NAME)";
				SWIFT_VERSION = 5.0;
				TARGETED_DEVICE_FAMILY = "1,2";
				TEST_HOST = "$(BUILT_PRODUCTS_DIR)/Landmarks.app/Landmarks";
			};
			name = Release;
		};
		86B1A0312617C13F00DCE2F8 /* Debug */ = {
			isa = XCBuildConfiguration;
			buildSettings = {
				ALWAYS_EMBED_SWIFT_STANDARD_LIBRARIES = YES;
				CODE_SIGN_STYLE = Automatic;
				DEVELOPMENT_TEAM = M25V58P838;
				INFOPLIST_FILE = LandmarksUITests/Info.plist;
				LD_RUNPATH_SEARCH_PATHS = (
					"$(inherited)",
					"@executable_path/Frameworks",
					"@loader_path/Frameworks",
				);
				PRODUCT_BUNDLE_IDENTIFIER = com.gn.LandmarksUITests;
				PRODUCT_NAME = "$(TARGET_NAME)";
				SWIFT_VERSION = 5.0;
				TARGETED_DEVICE_FAMILY = "1,2";
				TEST_TARGET_NAME = Landmarks;
			};
			name = Debug;
		};
		86B1A0322617C13F00DCE2F8 /* Release */ = {
			isa = XCBuildConfiguration;
			buildSettings = {
				ALWAYS_EMBED_SWIFT_STANDARD_LIBRARIES = YES;
				CODE_SIGN_STYLE = Automatic;
				DEVELOPMENT_TEAM = M25V58P838;
				INFOPLIST_FILE = LandmarksUITests/Info.plist;
				LD_RUNPATH_SEARCH_PATHS = (
					"$(inherited)",
					"@executable_path/Frameworks",
					"@loader_path/Frameworks",
				);
				PRODUCT_BUNDLE_IDENTIFIER = com.gn.LandmarksUITests;
				PRODUCT_NAME = "$(TARGET_NAME)";
				SWIFT_VERSION = 5.0;
				TARGETED_DEVICE_FAMILY = "1,2";
				TEST_TARGET_NAME = Landmarks;
			};
			name = Release;
		};
/* End XCBuildConfiguration section */

/* Begin XCConfigurationList section */
		86B1A0002617C13D00DCE2F8 /* Build configuration list for PBXProject "Landmarks" */ = {
			isa = XCConfigurationList;
			buildConfigurations = (
				86B1A0282617C13F00DCE2F8 /* Debug */,
				86B1A0292617C13F00DCE2F8 /* Release */,
			);
			defaultConfigurationIsVisible = 0;
			defaultConfigurationName = Release;
		};
		86B1A02A2617C13F00DCE2F8 /* Build configuration list for PBXNativeTarget "Landmarks" */ = {
			isa = XCConfigurationList;
			buildConfigurations = (
				86B1A02B2617C13F00DCE2F8 /* Debug */,
				86B1A02C2617C13F00DCE2F8 /* Release */,
			);
			defaultConfigurationIsVisible = 0;
			defaultConfigurationName = Release;
		};
		86B1A02D2617C13F00DCE2F8 /* Build configuration list for PBXNativeTarget "LandmarksTests" */ = {
			isa = XCConfigurationList;
			buildConfigurations = (
				86B1A02E2617C13F00DCE2F8 /* Debug */,
				86B1A02F2617C13F00DCE2F8 /* Release */,
			);
			defaultConfigurationIsVisible = 0;
			defaultConfigurationName = Release;
		};
		86B1A0302617C13F00DCE2F8 /* Build configuration list for PBXNativeTarget "LandmarksUITests" */ = {
			isa = XCConfigurationList;
			buildConfigurations = (
				86B1A0312617C13F00DCE2F8 /* Debug */,
				86B1A0322617C13F00DCE2F8 /* Release */,
			);
			defaultConfigurationIsVisible = 0;
			defaultConfigurationName = Release;
		};
/* End XCConfigurationList section */
	};
	rootObject = 86B19FFD2617C13D00DCE2F8 /* Project object */;
}
